// !$*UTF8*$!
{
	archiveVersion = 1;
	classes = {
	};
	objectVersion = 50;
	objects = {

/* Begin PBXBuildFile section */
		1BBF0BDC237355AC00CC3944 /* AppDelegate.swift in Sources */ = {isa = PBXBuildFile; fileRef = 1BBF0BDB237355AC00CC3944 /* AppDelegate.swift */; };
		1BBF0BDE237355AC00CC3944 /* SceneDelegate.swift in Sources */ = {isa = PBXBuildFile; fileRef = 1BBF0BDD237355AC00CC3944 /* SceneDelegate.swift */; };
		1BBF0BE0237355AC00CC3944 /* ViewController.swift in Sources */ = {isa = PBXBuildFile; fileRef = 1BBF0BDF237355AC00CC3944 /* ViewController.swift */; };
		1BBF0BE3237355AC00CC3944 /* Main.storyboard in Resources */ = {isa = PBXBuildFile; fileRef = 1BBF0BE1237355AC00CC3944 /* Main.storyboard */; };
		1BBF0BE5237355AC00CC3944 /* Assets.xcassets in Resources */ = {isa = PBXBuildFile; fileRef = 1BBF0BE4237355AC00CC3944 /* Assets.xcassets */; };
		1BBF0BE8237355AC00CC3944 /* LaunchScreen.storyboard in Resources */ = {isa = PBXBuildFile; fileRef = 1BBF0BE6237355AC00CC3944 /* LaunchScreen.storyboard */; };
		1BBF0BF3237355AC00CC3944 /* IUE_Worksheet4Tests.swift in Sources */ = {isa = PBXBuildFile; fileRef = 1BBF0BF2237355AC00CC3944 /* IUE_Worksheet4Tests.swift */; };
		1BBF0BFE237355AC00CC3944 /* IUE_Worksheet4UITests.swift in Sources */ = {isa = PBXBuildFile; fileRef = 1BBF0BFD237355AC00CC3944 /* IUE_Worksheet4UITests.swift */; };
		1BBF0C1423735C5E00CC3944 /* CustomButton.swift in Sources */ = {isa = PBXBuildFile; fileRef = 1BBF0C1323735C5E00CC3944 /* CustomButton.swift */; };
		1BBF0C1623735DF800CC3944 /* CounterView.swift in Sources */ = {isa = PBXBuildFile; fileRef = 1BBF0C1523735DF800CC3944 /* CounterView.swift */; };
/* End PBXBuildFile section */

/* Begin PBXContainerItemProxy section */
		1BBF0BEF237355AC00CC3944 /* PBXContainerItemProxy */ = {
			isa = PBXContainerItemProxy;
			containerPortal = 1BBF0BD0237355AC00CC3944 /* Project object */;
			proxyType = 1;
			remoteGlobalIDString = 1BBF0BD7237355AC00CC3944;
			remoteInfo = "IUE-Worksheet4";
		};
		1BBF0BFA237355AC00CC3944 /* PBXContainerItemProxy */ = {
			isa = PBXContainerItemProxy;
			containerPortal = 1BBF0BD0237355AC00CC3944 /* Project object */;
			proxyType = 1;
			remoteGlobalIDString = 1BBF0BD7237355AC00CC3944;
			remoteInfo = "IUE-Worksheet4";
		};
/* End PBXContainerItemProxy section */

/* Begin PBXFileReference section */
		1BBF0BD8237355AC00CC3944 /* IUE-Worksheet4.app */ = {isa = PBXFileReference; explicitFileType = wrapper.application; includeInIndex = 0; path = "IUE-Worksheet4.app"; sourceTree = BUILT_PRODUCTS_DIR; };
		1BBF0BDB237355AC00CC3944 /* AppDelegate.swift */ = {isa = PBXFileReference; lastKnownFileType = sourcecode.swift; path = AppDelegate.swift; sourceTree = "<group>"; };
		1BBF0BDD237355AC00CC3944 /* SceneDelegate.swift */ = {isa = PBXFileReference; lastKnownFileType = sourcecode.swift; path = SceneDelegate.swift; sourceTree = "<group>"; };
		1BBF0BDF237355AC00CC3944 /* ViewController.swift */ = {isa = PBXFileReference; lastKnownFileType = sourcecode.swift; path = ViewController.swift; sourceTree = "<group>"; };
		1BBF0BE2237355AC00CC3944 /* Base */ = {isa = PBXFileReference; lastKnownFileType = file.storyboard; name = Base; path = Base.lproj/Main.storyboard; sourceTree = "<group>"; };
		1BBF0BE4237355AC00CC3944 /* Assets.xcassets */ = {isa = PBXFileReference; lastKnownFileType = folder.assetcatalog; path = Assets.xcassets; sourceTree = "<group>"; };
		1BBF0BE7237355AC00CC3944 /* Base */ = {isa = PBXFileReference; lastKnownFileType = file.storyboard; name = Base; path = Base.lproj/LaunchScreen.storyboard; sourceTree = "<group>"; };
		1BBF0BE9237355AC00CC3944 /* Info.plist */ = {isa = PBXFileReference; lastKnownFileType = text.plist.xml; path = Info.plist; sourceTree = "<group>"; };
		1BBF0BEE237355AC00CC3944 /* IUE-Worksheet4Tests.xctest */ = {isa = PBXFileReference; explicitFileType = wrapper.cfbundle; includeInIndex = 0; path = "IUE-Worksheet4Tests.xctest"; sourceTree = BUILT_PRODUCTS_DIR; };
		1BBF0BF2237355AC00CC3944 /* IUE_Worksheet4Tests.swift */ = {isa = PBXFileReference; lastKnownFileType = sourcecode.swift; path = IUE_Worksheet4Tests.swift; sourceTree = "<group>"; };
		1BBF0BF4237355AC00CC3944 /* Info.plist */ = {isa = PBXFileReference; lastKnownFileType = text.plist.xml; path = Info.plist; sourceTree = "<group>"; };
		1BBF0BF9237355AC00CC3944 /* IUE-Worksheet4UITests.xctest */ = {isa = PBXFileReference; explicitFileType = wrapper.cfbundle; includeInIndex = 0; path = "IUE-Worksheet4UITests.xctest"; sourceTree = BUILT_PRODUCTS_DIR; };
		1BBF0BFD237355AC00CC3944 /* IUE_Worksheet4UITests.swift */ = {isa = PBXFileReference; lastKnownFileType = sourcecode.swift; path = IUE_Worksheet4UITests.swift; sourceTree = "<group>"; };
		1BBF0BFF237355AC00CC3944 /* Info.plist */ = {isa = PBXFileReference; lastKnownFileType = text.plist.xml; path = Info.plist; sourceTree = "<group>"; };
		1BBF0C1323735C5E00CC3944 /* CustomButton.swift */ = {isa = PBXFileReference; lastKnownFileType = sourcecode.swift; path = CustomButton.swift; sourceTree = "<group>"; };
		1BBF0C1523735DF800CC3944 /* CounterView.swift */ = {isa = PBXFileReference; lastKnownFileType = sourcecode.swift; path = CounterView.swift; sourceTree = "<group>"; };
/* End PBXFileReference section */

/* Begin PBXFrameworksBuildPhase section */
		1BBF0BD5237355AC00CC3944 /* Frameworks */ = {
			isa = PBXFrameworksBuildPhase;
			buildActionMask = 2147483647;
			files = (
			);
			runOnlyForDeploymentPostprocessing = 0;
		};
		1BBF0BEB237355AC00CC3944 /* Frameworks */ = {
			isa = PBXFrameworksBuildPhase;
			buildActionMask = 2147483647;
			files = (
			);
			runOnlyForDeploymentPostprocessing = 0;
		};
		1BBF0BF6237355AC00CC3944 /* Frameworks */ = {
			isa = PBXFrameworksBuildPhase;
			buildActionMask = 2147483647;
			files = (
			);
			runOnlyForDeploymentPostprocessing = 0;
		};
/* End PBXFrameworksBuildPhase section */

/* Begin PBXGroup section */
		1BBF0BCF237355AC00CC3944 = {
			isa = PBXGroup;
			children = (
				1BBF0BDA237355AC00CC3944 /* IUE-Worksheet4 */,
				1BBF0BF1237355AC00CC3944 /* IUE-Worksheet4Tests */,
				1BBF0BFC237355AC00CC3944 /* IUE-Worksheet4UITests */,
				1BBF0BD9237355AC00CC3944 /* Products */,
			);
			sourceTree = "<group>";
		};
		1BBF0BD9237355AC00CC3944 /* Products */ = {
			isa = PBXGroup;
			children = (
				1BBF0BD8237355AC00CC3944 /* IUE-Worksheet4.app */,
				1BBF0BEE237355AC00CC3944 /* IUE-Worksheet4Tests.xctest */,
				1BBF0BF9237355AC00CC3944 /* IUE-Worksheet4UITests.xctest */,
			);
			name = Products;
			sourceTree = "<group>";
		};
		1BBF0BDA237355AC00CC3944 /* IUE-Worksheet4 */ = {
			isa = PBXGroup;
			children = (
				1BBF0C1323735C5E00CC3944 /* CustomButton.swift */,
				1BBF0BDB237355AC00CC3944 /* AppDelegate.swift */,
				1BBF0BDD237355AC00CC3944 /* SceneDelegate.swift */,
				1BBF0BDF237355AC00CC3944 /* ViewController.swift */,
				1BBF0BE1237355AC00CC3944 /* Main.storyboard */,
				1BBF0C1523735DF800CC3944 /* CounterView.swift */,
				1BBF0BE4237355AC00CC3944 /* Assets.xcassets */,
				1BBF0BE6237355AC00CC3944 /* LaunchScreen.storyboard */,
				1BBF0BE9237355AC00CC3944 /* Info.plist */,
			);
			path = "IUE-Worksheet4";
			sourceTree = "<group>";
		};
		1BBF0BF1237355AC00CC3944 /* IUE-Worksheet4Tests */ = {
			isa = PBXGroup;
			children = (
				1BBF0BF2237355AC00CC3944 /* IUE_Worksheet4Tests.swift */,
				1BBF0BF4237355AC00CC3944 /* Info.plist */,
			);
			path = "IUE-Worksheet4Tests";
			sourceTree = "<group>";
		};
		1BBF0BFC237355AC00CC3944 /* IUE-Worksheet4UITests */ = {
			isa = PBXGroup;
			children = (
				1BBF0BFD237355AC00CC3944 /* IUE_Worksheet4UITests.swift */,
				1BBF0BFF237355AC00CC3944 /* Info.plist */,
			);
			path = "IUE-Worksheet4UITests";
			sourceTree = "<group>";
		};
/* End PBXGroup section */

/* Begin PBXNativeTarget section */
		1BBF0BD7237355AC00CC3944 /* IUE-Worksheet4 */ = {
			isa = PBXNativeTarget;
			buildConfigurationList = 1BBF0C02237355AC00CC3944 /* Build configuration list for PBXNativeTarget "IUE-Worksheet4" */;
			buildPhases = (
				1BBF0BD4237355AC00CC3944 /* Sources */,
				1BBF0BD5237355AC00CC3944 /* Frameworks */,
				1BBF0BD6237355AC00CC3944 /* Resources */,
			);
			buildRules = (
			);
			dependencies = (
			);
			name = "IUE-Worksheet4";
			productName = "IUE-Worksheet4";
			productReference = 1BBF0BD8237355AC00CC3944 /* IUE-Worksheet4.app */;
			productType = "com.apple.product-type.application";
		};
		1BBF0BED237355AC00CC3944 /* IUE-Worksheet4Tests */ = {
			isa = PBXNativeTarget;
			buildConfigurationList = 1BBF0C05237355AC00CC3944 /* Build configuration list for PBXNativeTarget "IUE-Worksheet4Tests" */;
			buildPhases = (
				1BBF0BEA237355AC00CC3944 /* Sources */,
				1BBF0BEB237355AC00CC3944 /* Frameworks */,
				1BBF0BEC237355AC00CC3944 /* Resources */,
			);
			buildRules = (
			);
			dependencies = (
				1BBF0BF0237355AC00CC3944 /* PBXTargetDependency */,
			);
			name = "IUE-Worksheet4Tests";
			productName = "IUE-Worksheet4Tests";
			productReference = 1BBF0BEE237355AC00CC3944 /* IUE-Worksheet4Tests.xctest */;
			productType = "com.apple.product-type.bundle.unit-test";
		};
		1BBF0BF8237355AC00CC3944 /* IUE-Worksheet4UITests */ = {
			isa = PBXNativeTarget;
			buildConfigurationList = 1BBF0C08237355AC00CC3944 /* Build configuration list for PBXNativeTarget "IUE-Worksheet4UITests" */;
			buildPhases = (
				1BBF0BF5237355AC00CC3944 /* Sources */,
				1BBF0BF6237355AC00CC3944 /* Frameworks */,
				1BBF0BF7237355AC00CC3944 /* Resources */,
			);
			buildRules = (
			);
			dependencies = (
				1BBF0BFB237355AC00CC3944 /* PBXTargetDependency */,
			);
			name = "IUE-Worksheet4UITests";
			productName = "IUE-Worksheet4UITests";
			productReference = 1BBF0BF9237355AC00CC3944 /* IUE-Worksheet4UITests.xctest */;
			productType = "com.apple.product-type.bundle.ui-testing";
		};
/* End PBXNativeTarget section */

/* Begin PBXProject section */
		1BBF0BD0237355AC00CC3944 /* Project object */ = {
			isa = PBXProject;
			attributes = {
				LastSwiftUpdateCheck = 1110;
				LastUpgradeCheck = 1110;
				ORGANIZATIONNAME = "José Pereira";
				TargetAttributes = {
					1BBF0BD7237355AC00CC3944 = {
						CreatedOnToolsVersion = 11.1;
					};
					1BBF0BED237355AC00CC3944 = {
						CreatedOnToolsVersion = 11.1;
						TestTargetID = 1BBF0BD7237355AC00CC3944;
					};
					1BBF0BF8237355AC00CC3944 = {
						CreatedOnToolsVersion = 11.1;
						TestTargetID = 1BBF0BD7237355AC00CC3944;
					};
				};
			};
			buildConfigurationList = 1BBF0BD3237355AC00CC3944 /* Build configuration list for PBXProject "IUE-Worksheet4" */;
			compatibilityVersion = "Xcode 9.3";
			developmentRegion = en;
			hasScannedForEncodings = 0;
			knownRegions = (
				en,
				Base,
			);
			mainGroup = 1BBF0BCF237355AC00CC3944;
			productRefGroup = 1BBF0BD9237355AC00CC3944 /* Products */;
			projectDirPath = "";
			projectRoot = "";
			targets = (
				1BBF0BD7237355AC00CC3944 /* IUE-Worksheet4 */,
				1BBF0BED237355AC00CC3944 /* IUE-Worksheet4Tests */,
				1BBF0BF8237355AC00CC3944 /* IUE-Worksheet4UITests */,
			);
		};
/* End PBXProject section */

/* Begin PBXResourcesBuildPhase section */
		1BBF0BD6237355AC00CC3944 /* Resources */ = {
			isa = PBXResourcesBuildPhase;
			buildActionMask = 2147483647;
			files = (
				1BBF0BE8237355AC00CC3944 /* LaunchScreen.storyboard in Resources */,
				1BBF0BE5237355AC00CC3944 /* Assets.xcassets in Resources */,
				1BBF0BE3237355AC00CC3944 /* Main.storyboard in Resources */,
			);
			runOnlyForDeploymentPostprocessing = 0;
		};
		1BBF0BEC237355AC00CC3944 /* Resources */ = {
			isa = PBXResourcesBuildPhase;
			buildActionMask = 2147483647;
			files = (
			);
			runOnlyForDeploymentPostprocessing = 0;
		};
		1BBF0BF7237355AC00CC3944 /* Resources */ = {
			isa = PBXResourcesBuildPhase;
			buildActionMask = 2147483647;
			files = (
			);
			runOnlyForDeploymentPostprocessing = 0;
		};
/* End PBXResourcesBuildPhase section */

/* Begin PBXSourcesBuildPhase section */
		1BBF0BD4237355AC00CC3944 /* Sources */ = {
			isa = PBXSourcesBuildPhase;
			buildActionMask = 2147483647;
			files = (
				1BBF0C1423735C5E00CC3944 /* CustomButton.swift in Sources */,
				1BBF0BE0237355AC00CC3944 /* ViewController.swift in Sources */,
				1BBF0BDC237355AC00CC3944 /* AppDelegate.swift in Sources */,
				1BBF0BDE237355AC00CC3944 /* SceneDelegate.swift in Sources */,
				1BBF0C1623735DF800CC3944 /* CounterView.swift in Sources */,
			);
			runOnlyForDeploymentPostprocessing = 0;
		};
		1BBF0BEA237355AC00CC3944 /* Sources */ = {
			isa = PBXSourcesBuildPhase;
			buildActionMask = 2147483647;
			files = (
				1BBF0BF3237355AC00CC3944 /* IUE_Worksheet4Tests.swift in Sources */,
			);
			runOnlyForDeploymentPostprocessing = 0;
		};
		1BBF0BF5237355AC00CC3944 /* Sources */ = {
			isa = PBXSourcesBuildPhase;
			buildActionMask = 2147483647;
			files = (
				1BBF0BFE237355AC00CC3944 /* IUE_Worksheet4UITests.swift in Sources */,
			);
			runOnlyForDeploymentPostprocessing = 0;
		};
/* End PBXSourcesBuildPhase section */

/* Begin PBXTargetDependency section */
		1BBF0BF0237355AC00CC3944 /* PBXTargetDependency */ = {
			isa = PBXTargetDependency;
			target = 1BBF0BD7237355AC00CC3944 /* IUE-Worksheet4 */;
			targetProxy = 1BBF0BEF237355AC00CC3944 /* PBXContainerItemProxy */;
		};
		1BBF0BFB237355AC00CC3944 /* PBXTargetDependency */ = {
			isa = PBXTargetDependency;
			target = 1BBF0BD7237355AC00CC3944 /* IUE-Worksheet4 */;
			targetProxy = 1BBF0BFA237355AC00CC3944 /* PBXContainerItemProxy */;
		};
/* End PBXTargetDependency section */

/* Begin PBXVariantGroup section */
		1BBF0BE1237355AC00CC3944 /* Main.storyboard */ = {
			isa = PBXVariantGroup;
			children = (
				1BBF0BE2237355AC00CC3944 /* Base */,
			);
			name = Main.storyboard;
			sourceTree = "<group>";
		};
		1BBF0BE6237355AC00CC3944 /* LaunchScreen.storyboard */ = {
			isa = PBXVariantGroup;
			children = (
				1BBF0BE7237355AC00CC3944 /* Base */,
			);
			name = LaunchScreen.storyboard;
			sourceTree = "<group>";
		};
/* End PBXVariantGroup section */

/* Begin XCBuildConfiguration section */
		1BBF0C00237355AC00CC3944 /* Debug */ = {
			isa = XCBuildConfiguration;
			buildSettings = {
				ALWAYS_SEARCH_USER_PATHS = NO;
				CLANG_ANALYZER_NONNULL = YES;
				CLANG_ANALYZER_NUMBER_OBJECT_CONVERSION = YES_AGGRESSIVE;
				CLANG_CXX_LANGUAGE_STANDARD = "gnu++14";
				CLANG_CXX_LIBRARY = "libc++";
				CLANG_ENABLE_MODULES = YES;
				CLANG_ENABLE_OBJC_ARC = YES;
				CLANG_ENABLE_OBJC_WEAK = YES;
				CLANG_WARN_BLOCK_CAPTURE_AUTORELEASING = YES;
				CLANG_WARN_BOOL_CONVERSION = YES;
				CLANG_WARN_COMMA = YES;
				CLANG_WARN_CONSTANT_CONVERSION = YES;
				CLANG_WARN_DEPRECATED_OBJC_IMPLEMENTATIONS = YES;
				CLANG_WARN_DIRECT_OBJC_ISA_USAGE = YES_ERROR;
				CLANG_WARN_DOCUMENTATION_COMMENTS = YES;
				CLANG_WARN_EMPTY_BODY = YES;
				CLANG_WARN_ENUM_CONVERSION = YES;
				CLANG_WARN_INFINITE_RECURSION = YES;
				CLANG_WARN_INT_CONVERSION = YES;
				CLANG_WARN_NON_LITERAL_NULL_CONVERSION = YES;
				CLANG_WARN_OBJC_IMPLICIT_RETAIN_SELF = YES;
				CLANG_WARN_OBJC_LITERAL_CONVERSION = YES;
				CLANG_WARN_OBJC_ROOT_CLASS = YES_ERROR;
				CLANG_WARN_RANGE_LOOP_ANALYSIS = YES;
				CLANG_WARN_STRICT_PROTOTYPES = YES;
				CLANG_WARN_SUSPICIOUS_MOVE = YES;
				CLANG_WARN_UNGUARDED_AVAILABILITY = YES_AGGRESSIVE;
				CLANG_WARN_UNREACHABLE_CODE = YES;
				CLANG_WARN__DUPLICATE_METHOD_MATCH = YES;
				COPY_PHASE_STRIP = NO;
				DEBUG_INFORMATION_FORMAT = dwarf;
				ENABLE_STRICT_OBJC_MSGSEND = YES;
				ENABLE_TESTABILITY = YES;
				GCC_C_LANGUAGE_STANDARD = gnu11;
				GCC_DYNAMIC_NO_PIC = NO;
				GCC_NO_COMMON_BLOCKS = YES;
				GCC_OPTIMIZATION_LEVEL = 0;
				GCC_PREPROCESSOR_DEFINITIONS = (
					"DEBUG=1",
					"$(inherited)",
				);
				GCC_WARN_64_TO_32_BIT_CONVERSION = YES;
				GCC_WARN_ABOUT_RETURN_TYPE = YES_ERROR;
				GCC_WARN_UNDECLARED_SELECTOR = YES;
				GCC_WARN_UNINITIALIZED_AUTOS = YES_AGGRESSIVE;
				GCC_WARN_UNUSED_FUNCTION = YES;
				GCC_WARN_UNUSED_VARIABLE = YES;
				IPHONEOS_DEPLOYMENT_TARGET = 13.1;
				MTL_ENABLE_DEBUG_INFO = INCLUDE_SOURCE;
				MTL_FAST_MATH = YES;
				ONLY_ACTIVE_ARCH = YES;
				SDKROOT = iphoneos;
				SWIFT_ACTIVE_COMPILATION_CONDITIONS = DEBUG;
				SWIFT_OPTIMIZATION_LEVEL = "-Onone";
			};
			name = Debug;
		};
		1BBF0C01237355AC00CC3944 /* Release */ = {
			isa = XCBuildConfiguration;
			buildSettings = {
				ALWAYS_SEARCH_USER_PATHS = NO;
				CLANG_ANALYZER_NONNULL = YES;
				CLANG_ANALYZER_NUMBER_OBJECT_CONVERSION = YES_AGGRESSIVE;
				CLANG_CXX_LANGUAGE_STANDARD = "gnu++14";
				CLANG_CXX_LIBRARY = "libc++";
				CLANG_ENABLE_MODULES = YES;
				CLANG_ENABLE_OBJC_ARC = YES;
				CLANG_ENABLE_OBJC_WEAK = YES;
				CLANG_WARN_BLOCK_CAPTURE_AUTORELEASING = YES;
				CLANG_WARN_BOOL_CONVERSION = YES;
				CLANG_WARN_COMMA = YES;
				CLANG_WARN_CONSTANT_CONVERSION = YES;
				CLANG_WARN_DEPRECATED_OBJC_IMPLEMENTATIONS = YES;
				CLANG_WARN_DIRECT_OBJC_ISA_USAGE = YES_ERROR;
				CLANG_WARN_DOCUMENTATION_COMMENTS = YES;
				CLANG_WARN_EMPTY_BODY = YES;
				CLANG_WARN_ENUM_CONVERSION = YES;
				CLANG_WARN_INFINITE_RECURSION = YES;
				CLANG_WARN_INT_CONVERSION = YES;
				CLANG_WARN_NON_LITERAL_NULL_CONVERSION = YES;
				CLANG_WARN_OBJC_IMPLICIT_RETAIN_SELF = YES;
				CLANG_WARN_OBJC_LITERAL_CONVERSION = YES;
				CLANG_WARN_OBJC_ROOT_CLASS = YES_ERROR;
				CLANG_WARN_RANGE_LOOP_ANALYSIS = YES;
				CLANG_WARN_STRICT_PROTOTYPES = YES;
				CLANG_WARN_SUSPICIOUS_MOVE = YES;
				CLANG_WARN_UNGUARDED_AVAILABILITY = YES_AGGRESSIVE;
				CLANG_WARN_UNREACHABLE_CODE = YES;
				CLANG_WARN__DUPLICATE_METHOD_MATCH = YES;
				COPY_PHASE_STRIP = NO;
				DEBUG_INFORMATION_FORMAT = "dwarf-with-dsym";
				ENABLE_NS_ASSERTIONS = NO;
				ENABLE_STRICT_OBJC_MSGSEND = YES;
				GCC_C_LANGUAGE_STANDARD = gnu11;
				GCC_NO_COMMON_BLOCKS = YES;
				GCC_WARN_64_TO_32_BIT_CONVERSION = YES;
				GCC_WARN_ABOUT_RETURN_TYPE = YES_ERROR;
				GCC_WARN_UNDECLARED_SELECTOR = YES;
				GCC_WARN_UNINITIALIZED_AUTOS = YES_AGGRESSIVE;
				GCC_WARN_UNUSED_FUNCTION = YES;
				GCC_WARN_UNUSED_VARIABLE = YES;
				IPHONEOS_DEPLOYMENT_TARGET = 13.1;
				MTL_ENABLE_DEBUG_INFO = NO;
				MTL_FAST_MATH = YES;
				SDKROOT = iphoneos;
				SWIFT_COMPILATION_MODE = wholemodule;
				SWIFT_OPTIMIZATION_LEVEL = "-O";
				VALIDATE_PRODUCT = YES;
			};
			name = Release;
		};
		1BBF0C03237355AC00CC3944 /* Debug */ = {
			isa = XCBuildConfiguration;
			buildSettings = {
				ASSETCATALOG_COMPILER_APPICON_NAME = AppIcon;
				CODE_SIGN_STYLE = Automatic;
				INFOPLIST_FILE = "IUE-Worksheet4/Info.plist";
				LD_RUNPATH_SEARCH_PATHS = (
					"$(inherited)",
					"@executable_path/Frameworks",
				);
				PRODUCT_BUNDLE_IDENTIFIER = "MEI-CM.IUE-Worksheet4";
				PRODUCT_NAME = "$(TARGET_NAME)";
				SWIFT_VERSION = 5.0;
				TARGETED_DEVICE_FAMILY = "1,2";
			};
			name = Debug;
		};
		1BBF0C04237355AC00CC3944 /* Release */ = {
			isa = XCBuildConfiguration;
			buildSettings = {
				ASSETCATALOG_COMPILER_APPICON_NAME = AppIcon;
				CODE_SIGN_STYLE = Automatic;
				INFOPLIST_FILE = "IUE-Worksheet4/Info.plist";
				LD_RUNPATH_SEARCH_PATHS = (
					"$(inherited)",
					"@executable_path/Frameworks",
				);
				PRODUCT_BUNDLE_IDENTIFIER = "MEI-CM.IUE-Worksheet4";
				PRODUCT_NAME = "$(TARGET_NAME)";
				SWIFT_VERSION = 5.0;
				TARGETED_DEVICE_FAMILY = "1,2";
			};
			name = Release;
		};
		1BBF0C06237355AC00CC3944 /* Debug */ = {
			isa = XCBuildConfiguration;
			buildSettings = {
				ALWAYS_EMBED_SWIFT_STANDARD_LIBRARIES = YES;
				BUNDLE_LOADER = "$(TEST_HOST)";
				CODE_SIGN_STYLE = Automatic;
				INFOPLIST_FILE = "IUE-Worksheet4Tests/Info.plist";
				IPHONEOS_DEPLOYMENT_TARGET = 13.1;
				LD_RUNPATH_SEARCH_PATHS = (
					"$(inherited)",
					"@executable_path/Frameworks",
					"@loader_path/Frameworks",
				);
				PRODUCT_BUNDLE_IDENTIFIER = "MEI-CM.IUE-Worksheet4Tests";
				PRODUCT_NAME = "$(TARGET_NAME)";
				SWIFT_VERSION = 5.0;
				TARGETED_DEVICE_FAMILY = "1,2";
				TEST_HOST = "$(BUILT_PRODUCTS_DIR)/IUE-Worksheet4.app/IUE-Worksheet4";
			};
			name = Debug;
		};
		1BBF0C07237355AC00CC3944 /* Release */ = {
			isa = XCBuildConfiguration;
			buildSettings = {
				ALWAYS_EMBED_SWIFT_STANDARD_LIBRARIES = YES;
				BUNDLE_LOADER = "$(TEST_HOST)";
				CODE_SIGN_STYLE = Automatic;
				INFOPLIST_FILE = "IUE-Worksheet4Tests/Info.plist";
				IPHONEOS_DEPLOYMENT_TARGET = 13.1;
				LD_RUNPATH_SEARCH_PATHS = (
					"$(inherited)",
					"@executable_path/Frameworks",
					"@loader_path/Frameworks",
				);
				PRODUCT_BUNDLE_IDENTIFIER = "MEI-CM.IUE-Worksheet4Tests";
				PRODUCT_NAME = "$(TARGET_NAME)";
				SWIFT_VERSION = 5.0;
				TARGETED_DEVICE_FAMILY = "1,2";
				TEST_HOST = "$(BUILT_PRODUCTS_DIR)/IUE-Worksheet4.app/IUE-Worksheet4";
			};
			name = Release;
		};
		1BBF0C09237355AC00CC3944 /* Debug */ = {
			isa = XCBuildConfiguration;
			buildSettings = {
				ALWAYS_EMBED_SWIFT_STANDARD_LIBRARIES = YES;
				CODE_SIGN_STYLE = Automatic;
				INFOPLIST_FILE = "IUE-Worksheet4UITests/Info.plist";
				LD_RUNPATH_SEARCH_PATHS = (
					"$(inherited)",
					"@executable_path/Frameworks",
					"@loader_path/Frameworks",
				);
				PRODUCT_BUNDLE_IDENTIFIER = "MEI-CM.IUE-Worksheet4UITests";
				PRODUCT_NAME = "$(TARGET_NAME)";
				SWIFT_VERSION = 5.0;
				TARGETED_DEVICE_FAMILY = "1,2";
				TEST_TARGET_NAME = "IUE-Worksheet4";
			};
			name = Debug;
		};
		1BBF0C0A237355AC00CC3944 /* Release */ = {
			isa = XCBuildConfiguration;
			buildSettings = {
				ALWAYS_EMBED_SWIFT_STANDARD_LIBRARIES = YES;
				CODE_SIGN_STYLE = Automatic;
				INFOPLIST_FILE = "IUE-Worksheet4UITests/Info.plist";
				LD_RUNPATH_SEARCH_PATHS = (
					"$(inherited)",
					"@executable_path/Frameworks",
					"@loader_path/Frameworks",
				);
				PRODUCT_BUNDLE_IDENTIFIER = "MEI-CM.IUE-Worksheet4UITests";
				PRODUCT_NAME = "$(TARGET_NAME)";
				SWIFT_VERSION = 5.0;
				TARGETED_DEVICE_FAMILY = "1,2";
				TEST_TARGET_NAME = "IUE-Worksheet4";
			};
			name = Release;
		};
/* End XCBuildConfiguration section */

/* Begin XCConfigurationList section */
		1BBF0BD3237355AC00CC3944 /* Build configuration list for PBXProject "IUE-Worksheet4" */ = {
			isa = XCConfigurationList;
			buildConfigurations = (
				1BBF0C00237355AC00CC3944 /* Debug */,
				1BBF0C01237355AC00CC3944 /* Release */,
			);
			defaultConfigurationIsVisible = 0;
			defaultConfigurationName = Release;
		};
		1BBF0C02237355AC00CC3944 /* Build configuration list for PBXNativeTarget "IUE-Worksheet4" */ = {
			isa = XCConfigurationList;
			buildConfigurations = (
				1BBF0C03237355AC00CC3944 /* Debug */,
				1BBF0C04237355AC00CC3944 /* Release */,
			);
			defaultConfigurationIsVisible = 0;
			defaultConfigurationName = Release;
		};
		1BBF0C05237355AC00CC3944 /* Build configuration list for PBXNativeTarget "IUE-Worksheet4Tests" */ = {
			isa = XCConfigurationList;
			buildConfigurations = (
				1BBF0C06237355AC00CC3944 /* Debug */,
				1BBF0C07237355AC00CC3944 /* Release */,
			);
			defaultConfigurationIsVisible = 0;
			defaultConfigurationName = Release;
		};
		1BBF0C08237355AC00CC3944 /* Build configuration list for PBXNativeTarget "IUE-Worksheet4UITests" */ = {
			isa = XCConfigurationList;
			buildConfigurations = (
				1BBF0C09237355AC00CC3944 /* Debug */,
				1BBF0C0A237355AC00CC3944 /* Release */,
			);
			defaultConfigurationIsVisible = 0;
			defaultConfigurationName = Release;
		};
/* End XCConfigurationList section */
	};
	rootObject = 1BBF0BD0237355AC00CC3944 /* Project object */;
}
